
Microsoft Visual Studio Solution File, Format Version 12.00
# Visual Studio Version 17
VisualStudioVersion = 17.0.31903.59
MinimumVisualStudioVersion = 10.0.40219.1
Project("{2150E333-8FDC-42A3-9474-1A3956D46DE8}") = "src", "src", "{827E0CD3-B72D-47B6-A68D-7590B98EB39B}"
EndProject
Project("{FAE04EC0-301F-11D3-BF4B-00C04F79EFBC}") = "MotoRental.Api", "src\MotoRental.Api\MotoRental.Api.csproj", "{1F2CCCEC-94FA-43BB-A7D8-9897970FFDA7}"
EndProject
Project("{FAE04EC0-301F-11D3-BF4B-00C04F79EFBC}") = "MotoRental.Application", "src\MotoRental.Application\MotoRental.Application.csproj", "{DF6AFB9D-5137-41A2-86A2-BC15809EFDF1}"
EndProject
Project("{FAE04EC0-301F-11D3-BF4B-00C04F79EFBC}") = "MotoRental.Domain", "src\MotoRental.Domain\MotoRental.Domain.csproj", "{F9322A81-C143-4725-950F-C1638885F59B}"
EndProject
Project("{FAE04EC0-301F-11D3-BF4B-00C04F79EFBC}") = "MotoRental.Infrastructure", "src\MotoRental.Infrastructure\MotoRental.Infrastructure.csproj", "{E6E43A72-673C-4D65-8C66-2D7215380B96}"
EndProject
Project("{2150E333-8FDC-42A3-9474-1A3956D46DE8}") = "tests", "tests", "{0AB3BF05-4346-4AA6-1389-037BE0695223}"
EndProject
Project("{FAE04EC0-301F-11D3-BF4B-00C04F79EFBC}") = "MotoRental.IntegrationTests", "tests\MotoRental.IntegrationTests\MotoRental.IntegrationTests.csproj", "{90C9B474-9D46-447D-88F8-D03162227B62}"
EndProject
Project("{FAE04EC0-301F-11D3-BF4B-00C04F79EFBC}") = "MotoRental.UnitTests", "tests\MotoRental.UnitTests\MotoRental.UnitTests.csproj", "{E5664DD9-44B4-47AF-9F9D-545A698F4349}"
EndProject
Project("{2150E333-8FDC-42A3-9474-1A3956D46DE8}") = "Itens de Solução", "Itens de Solução", "{380A7511-A354-6D7A-0CC0-8FA1F1BA7B6C}"
	ProjectSection(SolutionItems) = preProject
		docker-compose.yml = docker-compose.yml
	EndProjectSection
EndProject
Global
	GlobalSection(SolutionConfigurationPlatforms) = preSolution
		Debug|Any CPU = Debug|Any CPU
		Debug|x64 = Debug|x64
		Debug|x86 = Debug|x86
		Release|Any CPU = Release|Any CPU
		Release|x64 = Release|x64
		Release|x86 = Release|x86
	EndGlobalSection
	GlobalSection(ProjectConfigurationPlatforms) = postSolution
		{1F2CCCEC-94FA-43BB-A7D8-9897970FFDA7}.Debug|Any CPU.ActiveCfg = Debug|Any CPU
		{1F2CCCEC-94FA-43BB-A7D8-9897970FFDA7}.Debug|Any CPU.Build.0 = Debug|Any CPU
		{1F2CCCEC-94FA-43BB-A7D8-9897970FFDA7}.Debug|x64.ActiveCfg = Debug|Any CPU
		{1F2CCCEC-94FA-43BB-A7D8-9897970FFDA7}.Debug|x64.Build.0 = Debug|Any CPU
		{1F2CCCEC-94FA-43BB-A7D8-9897970FFDA7}.Debug|x86.ActiveCfg = Debug|Any CPU
		{1F2CCCEC-94FA-43BB-A7D8-9897970FFDA7}.Debug|x86.Build.0 = Debug|Any CPU
		{1F2CCCEC-94FA-43BB-A7D8-9897970FFDA7}.Release|Any CPU.ActiveCfg = Release|Any CPU
		{1F2CCCEC-94FA-43BB-A7D8-9897970FFDA7}.Release|Any CPU.Build.0 = Release|Any CPU
		{1F2CCCEC-94FA-43BB-A7D8-9897970FFDA7}.Release|x64.ActiveCfg = Release|Any CPU
		{1F2CCCEC-94FA-43BB-A7D8-9897970FFDA7}.Release|x64.Build.0 = Release|Any CPU
		{1F2CCCEC-94FA-43BB-A7D8-9897970FFDA7}.Release|x86.ActiveCfg = Release|Any CPU
		{1F2CCCEC-94FA-43BB-A7D8-9897970FFDA7}.Release|x86.Build.0 = Release|Any CPU
		{DF6AFB9D-5137-41A2-86A2-BC15809EFDF1}.Debug|Any CPU.ActiveCfg = Debug|Any CPU
		{DF6AFB9D-5137-41A2-86A2-BC15809EFDF1}.Debug|Any CPU.Build.0 = Debug|Any CPU
		{DF6AFB9D-5137-41A2-86A2-BC15809EFDF1}.Debug|x64.ActiveCfg = Debug|Any CPU
		{DF6AFB9D-5137-41A2-86A2-BC15809EFDF1}.Debug|x64.Build.0 = Debug|Any CPU
		{DF6AFB9D-5137-41A2-86A2-BC15809EFDF1}.Debug|x86.ActiveCfg = Debug|Any CPU
		{DF6AFB9D-5137-41A2-86A2-BC15809EFDF1}.Debug|x86.Build.0 = Debug|Any CPU
		{DF6AFB9D-5137-41A2-86A2-BC15809EFDF1}.Release|Any CPU.ActiveCfg = Release|Any CPU
		{DF6AFB9D-5137-41A2-86A2-BC15809EFDF1}.Release|Any CPU.Build.0 = Release|Any CPU
		{DF6AFB9D-5137-41A2-86A2-BC15809EFDF1}.Release|x64.ActiveCfg = Release|Any CPU
		{DF6AFB9D-5137-41A2-86A2-BC15809EFDF1}.Release|x64.Build.0 = Release|Any CPU
		{DF6AFB9D-5137-41A2-86A2-BC15809EFDF1}.Release|x86.ActiveCfg = Release|Any CPU
		{DF6AFB9D-5137-41A2-86A2-BC15809EFDF1}.Release|x86.Build.0 = Release|Any CPU
		{F9322A81-C143-4725-950F-C1638885F59B}.Debug|Any CPU.ActiveCfg = Debug|Any CPU
		{F9322A81-C143-4725-950F-C1638885F59B}.Debug|Any CPU.Build.0 = Debug|Any CPU
		{F9322A81-C143-4725-950F-C1638885F59B}.Debug|x64.ActiveCfg = Debug|Any CPU
		{F9322A81-C143-4725-950F-C1638885F59B}.Debug|x64.Build.0 = Debug|Any CPU
		{F9322A81-C143-4725-950F-C1638885F59B}.Debug|x86.ActiveCfg = Debug|Any CPU
		{F9322A81-C143-4725-950F-C1638885F59B}.Debug|x86.Build.0 = Debug|Any CPU
		{F9322A81-C143-4725-950F-C1638885F59B}.Release|Any CPU.ActiveCfg = Release|Any CPU
		{F9322A81-C143-4725-950F-C1638885F59B}.Release|Any CPU.Build.0 = Release|Any CPU
		{F9322A81-C143-4725-950F-C1638885F59B}.Release|x64.ActiveCfg = Release|Any CPU
		{F9322A81-C143-4725-950F-C1638885F59B}.Release|x64.Build.0 = Release|Any CPU
		{F9322A81-C143-4725-950F-C1638885F59B}.Release|x86.ActiveCfg = Release|Any CPU
		{F9322A81-C143-4725-950F-C1638885F59B}.Release|x86.Build.0 = Release|Any CPU
		{E6E43A72-673C-4D65-8C66-2D7215380B96}.Debug|Any CPU.ActiveCfg = Debug|Any CPU
		{E6E43A72-673C-4D65-8C66-2D7215380B96}.Debug|Any CPU.Build.0 = Debug|Any CPU
		{E6E43A72-673C-4D65-8C66-2D7215380B96}.Debug|x64.ActiveCfg = Debug|Any CPU
		{E6E43A72-673C-4D65-8C66-2D7215380B96}.Debug|x64.Build.0 = Debug|Any CPU
		{E6E43A72-673C-4D65-8C66-2D7215380B96}.Debug|x86.ActiveCfg = Debug|Any CPU
		{E6E43A72-673C-4D65-8C66-2D7215380B96}.Debug|x86.Build.0 = Debug|Any CPU
		{E6E43A72-673C-4D65-8C66-2D7215380B96}.Release|Any CPU.ActiveCfg = Release|Any CPU
		{E6E43A72-673C-4D65-8C66-2D7215380B96}.Release|Any CPU.Build.0 = Release|Any CPU
		{E6E43A72-673C-4D65-8C66-2D7215380B96}.Release|x64.ActiveCfg = Release|Any CPU
		{E6E43A72-673C-4D65-8C66-2D7215380B96}.Release|x64.Build.0 = Release|Any CPU
		{E6E43A72-673C-4D65-8C66-2D7215380B96}.Release|x86.ActiveCfg = Release|Any CPU
		{E6E43A72-673C-4D65-8C66-2D7215380B96}.Release|x86.Build.0 = Release|Any CPU
		{90C9B474-9D46-447D-88F8-D03162227B62}.Debug|Any CPU.ActiveCfg = Debug|Any CPU
		{90C9B474-9D46-447D-88F8-D03162227B62}.Debug|Any CPU.Build.0 = Debug|Any CPU
		{90C9B474-9D46-447D-88F8-D03162227B62}.Debug|x64.ActiveCfg = Debug|Any CPU
		{90C9B474-9D46-447D-88F8-D03162227B62}.Debug|x64.Build.0 = Debug|Any CPU
		{90C9B474-9D46-447D-88F8-D03162227B62}.Debug|x86.ActiveCfg = Debug|Any CPU
		{90C9B474-9D46-447D-88F8-D03162227B62}.Debug|x86.Build.0 = Debug|Any CPU
		{90C9B474-9D46-447D-88F8-D03162227B62}.Release|Any CPU.ActiveCfg = Release|Any CPU
		{90C9B474-9D46-447D-88F8-D03162227B62}.Release|Any CPU.Build.0 = Release|Any CPU
		{90C9B474-9D46-447D-88F8-D03162227B62}.Release|x64.ActiveCfg = Release|Any CPU
		{90C9B474-9D46-447D-88F8-D03162227B62}.Release|x64.Build.0 = Release|Any CPU
		{90C9B474-9D46-447D-88F8-D03162227B62}.Release|x86.ActiveCfg = Release|Any CPU
		{90C9B474-9D46-447D-88F8-D03162227B62}.Release|x86.Build.0 = Release|Any CPU
		{E5664DD9-44B4-47AF-9F9D-545A698F4349}.Debug|Any CPU.ActiveCfg = Debug|Any CPU
		{E5664DD9-44B4-47AF-9F9D-545A698F4349}.Debug|Any CPU.Build.0 = Debug|Any CPU
		{E5664DD9-44B4-47AF-9F9D-545A698F4349}.Debug|x64.ActiveCfg = Debug|Any CPU
		{E5664DD9-44B4-47AF-9F9D-545A698F4349}.Debug|x64.Build.0 = Debug|Any CPU
		{E5664DD9-44B4-47AF-9F9D-545A698F4349}.Debug|x86.ActiveCfg = Debug|Any CPU
		{E5664DD9-44B4-47AF-9F9D-545A698F4349}.Debug|x86.Build.0 = Debug|Any CPU
		{E5664DD9-44B4-47AF-9F9D-545A698F4349}.Release|Any CPU.ActiveCfg = Release|Any CPU
		{E5664DD9-44B4-47AF-9F9D-545A698F4349}.Release|Any CPU.Build.0 = Release|Any CPU
		{E5664DD9-44B4-47AF-9F9D-545A698F4349}.Release|x64.ActiveCfg = Release|Any CPU
		{E5664DD9-44B4-47AF-9F9D-545A698F4349}.Release|x64.Build.0 = Release|Any CPU
		{E5664DD9-44B4-47AF-9F9D-545A698F4349}.Release|x86.ActiveCfg = Release|Any CPU
		{E5664DD9-44B4-47AF-9F9D-545A698F4349}.Release|x86.Build.0 = Release|Any CPU
	EndGlobalSection
	GlobalSection(SolutionProperties) = preSolution
		HideSolutionNode = FALSE
	EndGlobalSection
	GlobalSection(NestedProjects) = preSolution
		{1F2CCCEC-94FA-43BB-A7D8-9897970FFDA7} = {827E0CD3-B72D-47B6-A68D-7590B98EB39B}
		{DF6AFB9D-5137-41A2-86A2-BC15809EFDF1} = {827E0CD3-B72D-47B6-A68D-7590B98EB39B}
		{F9322A81-C143-4725-950F-C1638885F59B} = {827E0CD3-B72D-47B6-A68D-7590B98EB39B}
		{E6E43A72-673C-4D65-8C66-2D7215380B96} = {827E0CD3-B72D-47B6-A68D-7590B98EB39B}
		{90C9B474-9D46-447D-88F8-D03162227B62} = {0AB3BF05-4346-4AA6-1389-037BE0695223}
		{E5664DD9-44B4-47AF-9F9D-545A698F4349} = {0AB3BF05-4346-4AA6-1389-037BE0695223}
	EndGlobalSection
	GlobalSection(ExtensibilityGlobals) = postSolution
		SolutionGuid = {CE62E9E1-AC0C-4041-8000-917E88D08AFA}
	EndGlobalSection
EndGlobal
